
Microsoft Visual Studio Solution File, Format Version 12.00
# Visual Studio Version 17
VisualStudioVersion = 17.14.36603.0 d17.14
MinimumVisualStudioVersion = 10.0.40219.1
Project("{FAE04EC0-301F-11D3-BF4B-00C04F79EFBC}") = "DUTController", "DUTController.csproj", "{855EDDA7-A14E-46A7-A4AB-7B33BF248F66}"
EndProject
Global
	GlobalSection(SolutionConfigurationPlatforms) = preSolution
		Debug|Any CPU = Debug|Any CPU
		Release|Any CPU = Release|Any CPU
	EndGlobalSection
	GlobalSection(ProjectConfigurationPlatforms) = postSolution
		{855EDDA7-A14E-46A7-A4AB-7B33BF248F66}.Debug|Any CPU.ActiveCfg = Debug|Any CPU
		{855EDDA7-A14E-46A7-A4AB-7B33BF248F66}.Debug|Any CPU.Build.0 = Debug|Any CPU
		{855EDDA7-A14E-46A7-A4AB-7B33BF248F66}.Release|Any CPU.ActiveCfg = Release|Any CPU
		{855EDDA7-A14E-46A7-A4AB-7B33BF248F66}.Release|Any CPU.Build.0 = Release|Any CPU
	EndGlobalSection
	GlobalSection(SolutionProperties) = preSolution
		HideSolutionNode = FALSE
	EndGlobalSection
	GlobalSection(ExtensibilityGlobals) = postSolution
		SolutionGuid = {A7D3A100-C949-45AD-8E1C-D5FBAC492B4F}
	EndGlobalSection
EndGlobal
